Microsoft Visual Studio Solution File, Format Version 12.00
# Visual Studio 2012
Project("{FAE04EC0-301F-11D3-BF4B-00C04F79EFBC}") = "Kafka.Client", "Kafka.Client\Kafka.Client.csproj", "{A92DD03B-EE4F-4A78-9FB2-279B6348C7D2}"
EndProject
Project("{2150E333-8FDC-42A3-9474-1A3956D46DE8}") = "Tests", "Tests", "{06FD20F1-CE06-430E-AF6E-2EBECE6E47B3}"
EndProject
Project("{FAE04EC0-301F-11D3-BF4B-00C04F79EFBC}") = "Kafka.Tests", "Kafka.Tests\Kafka.Tests.csproj", "{1794B07A-8B2A-42E6-A700-6BC0E7B8245A}"
EndProject
Project("{2150E333-8FDC-42A3-9474-1A3956D46DE8}") = ".nuget", ".nuget", "{CBC359E6-7B6C-49A8-A2AE-4D6E5C53B4CC}"
	ProjectSection(SolutionItems) = preProject
		.nuget\NuGet.Config = .nuget\NuGet.Config
		.nuget\NuGet.exe = .nuget\NuGet.exe
		.nuget\NuGet.targets = .nuget\NuGet.targets
	EndProjectSection
EndProject
Project("{FAE04EC0-301F-11D3-BF4B-00C04F79EFBC}") = "Kafka.Console", "Kafka.Console\Kafka.Console.csproj", "{CE5F6F73-3513-4117-AFED-3050DE8E84E5}"
EndProject
Project("{2150E333-8FDC-42A3-9474-1A3956D46DE8}") = "Performance", "Performance", "{391AF78B-4B41-40C0-B57B-8C3102A325D6}"
EndProject
Project("{FAE04EC0-301F-11D3-BF4B-00C04F79EFBC}") = "Kafka.Performance.Common", "Kafka.Performance.Common\Kafka.Performance.Common.csproj", "{D409F899-279E-40BF-B543-284B805DDF5D}"
EndProject
Project("{FAE04EC0-301F-11D3-BF4B-00C04F79EFBC}") = "Kafka.Performance.Producer", "Kafka.Performance.Producer\Kafka.Performance.Producer.csproj", "{A7F95EFB-7A42-40D2-BDA1-DA37BE57DD08}"
EndProject
Project("{FAE04EC0-301F-11D3-BF4B-00C04F79EFBC}") = "Kafka.Performance.Consumer", "Kafka.Performance.Consumer\Kafka.Performance.Consumer.csproj", "{A0EFD211-42B9-4405-BDD5-59B114EC3975}"
EndProject
Global
	GlobalSection(SolutionConfigurationPlatforms) = preSolution
		Debug|Any CPU = Debug|Any CPU
		Integration|Any CPU = Integration|Any CPU
		Release|Any CPU = Release|Any CPU
	EndGlobalSection
	GlobalSection(ProjectConfigurationPlatforms) = postSolution
		{A92DD03B-EE4F-4A78-9FB2-279B6348C7D2}.Debug|Any CPU.ActiveCfg = Debug|Any CPU
		{A92DD03B-EE4F-4A78-9FB2-279B6348C7D2}.Debug|Any CPU.Build.0 = Debug|Any CPU
		{A92DD03B-EE4F-4A78-9FB2-279B6348C7D2}.Integration|Any CPU.ActiveCfg = Integration|Any CPU
		{A92DD03B-EE4F-4A78-9FB2-279B6348C7D2}.Integration|Any CPU.Build.0 = Integration|Any CPU
		{A92DD03B-EE4F-4A78-9FB2-279B6348C7D2}.Release|Any CPU.ActiveCfg = Release|Any CPU
		{A92DD03B-EE4F-4A78-9FB2-279B6348C7D2}.Release|Any CPU.Build.0 = Release|Any CPU
		{1794B07A-8B2A-42E6-A700-6BC0E7B8245A}.Debug|Any CPU.ActiveCfg = Debug|Any CPU
		{1794B07A-8B2A-42E6-A700-6BC0E7B8245A}.Debug|Any CPU.Build.0 = Debug|Any CPU
		{1794B07A-8B2A-42E6-A700-6BC0E7B8245A}.Integration|Any CPU.ActiveCfg = Release|Any CPU
		{1794B07A-8B2A-42E6-A700-6BC0E7B8245A}.Integration|Any CPU.Build.0 = Release|Any CPU
		{1794B07A-8B2A-42E6-A700-6BC0E7B8245A}.Release|Any CPU.ActiveCfg = Release|Any CPU
		{1794B07A-8B2A-42E6-A700-6BC0E7B8245A}.Release|Any CPU.Build.0 = Release|Any CPU
		{CE5F6F73-3513-4117-AFED-3050DE8E84E5}.Debug|Any CPU.ActiveCfg = Debug|Any CPU
		{CE5F6F73-3513-4117-AFED-3050DE8E84E5}.Debug|Any CPU.Build.0 = Debug|Any CPU
		{CE5F6F73-3513-4117-AFED-3050DE8E84E5}.Integration|Any CPU.ActiveCfg = Release|Any CPU
		{CE5F6F73-3513-4117-AFED-3050DE8E84E5}.Integration|Any CPU.Build.0 = Release|Any CPU
		{CE5F6F73-3513-4117-AFED-3050DE8E84E5}.Release|Any CPU.ActiveCfg = Release|Any CPU
		{CE5F6F73-3513-4117-AFED-3050DE8E84E5}.Release|Any CPU.Build.0 = Release|Any CPU
		{D409F899-279E-40BF-B543-284B805DDF5D}.Debug|Any CPU.ActiveCfg = Debug|Any CPU
		{D409F899-279E-40BF-B543-284B805DDF5D}.Debug|Any CPU.Build.0 = Debug|Any CPU
		{D409F899-279E-40BF-B543-284B805DDF5D}.Integration|Any CPU.ActiveCfg = Release|Any CPU
		{D409F899-279E-40BF-B543-284B805DDF5D}.Integration|Any CPU.Build.0 = Release|Any CPU
		{D409F899-279E-40BF-B543-284B805DDF5D}.Release|Any CPU.ActiveCfg = Release|Any CPU
		{D409F899-279E-40BF-B543-284B805DDF5D}.Release|Any CPU.Build.0 = Release|Any CPU
		{A7F95EFB-7A42-40D2-BDA1-DA37BE57DD08}.Debug|Any CPU.ActiveCfg = Debug|Any CPU
		{A7F95EFB-7A42-40D2-BDA1-DA37BE57DD08}.Debug|Any CPU.Build.0 = Debug|Any CPU
		{A7F95EFB-7A42-40D2-BDA1-DA37BE57DD08}.Integration|Any CPU.ActiveCfg = Release|Any CPU
		{A7F95EFB-7A42-40D2-BDA1-DA37BE57DD08}.Integration|Any CPU.Build.0 = Release|Any CPU
		{A7F95EFB-7A42-40D2-BDA1-DA37BE57DD08}.Release|Any CPU.ActiveCfg = Release|Any CPU
		{A7F95EFB-7A42-40D2-BDA1-DA37BE57DD08}.Release|Any CPU.Build.0 = Release|Any CPU
		{A0EFD211-42B9-4405-BDD5-59B114EC3975}.Debug|Any CPU.ActiveCfg = Debug|Any CPU
		{A0EFD211-42B9-4405-BDD5-59B114EC3975}.Debug|Any CPU.Build.0 = Debug|Any CPU
		{A0EFD211-42B9-4405-BDD5-59B114EC3975}.Integration|Any CPU.ActiveCfg = Release|Any CPU
		{A0EFD211-42B9-4405-BDD5-59B114EC3975}.Integration|Any CPU.Build.0 = Release|Any CPU
		{A0EFD211-42B9-4405-BDD5-59B114EC3975}.Release|Any CPU.ActiveCfg = Release|Any CPU
		{A0EFD211-42B9-4405-BDD5-59B114EC3975}.Release|Any CPU.Build.0 = Release|Any CPU
	EndGlobalSection
	GlobalSection(SolutionProperties) = preSolution
		HideSolutionNode = FALSE
	EndGlobalSection
	GlobalSection(NestedProjects) = preSolution
		{1794B07A-8B2A-42E6-A700-6BC0E7B8245A} = {06FD20F1-CE06-430E-AF6E-2EBECE6E47B3}
		{CE5F6F73-3513-4117-AFED-3050DE8E84E5} = {06FD20F1-CE06-430E-AF6E-2EBECE6E47B3}
		{D409F899-279E-40BF-B543-284B805DDF5D} = {391AF78B-4B41-40C0-B57B-8C3102A325D6}
		{A7F95EFB-7A42-40D2-BDA1-DA37BE57DD08} = {391AF78B-4B41-40C0-B57B-8C3102A325D6}
		{A0EFD211-42B9-4405-BDD5-59B114EC3975} = {391AF78B-4B41-40C0-B57B-8C3102A325D6}
	EndGlobalSection
EndGlobal
